// !$*UTF8*$!
{
	archiveVersion = 1;
	classes = {
	};
	objectVersion = 56;
	objects = {

/* Begin PBXBuildFile section */
		E135DFF62AFD9EA00049F84D /* PostDetailViewController.swift in Sources */ = {isa = PBXBuildFile; fileRef = E135DFF52AFD9EA00049F84D /* PostDetailViewController.swift */; };
		E138E37A2AFBED6E009DF977 /* AppDelegate.swift in Sources */ = {isa = PBXBuildFile; fileRef = E138E3792AFBED6E009DF977 /* AppDelegate.swift */; };
		E138E37C2AFBED6E009DF977 /* SceneDelegate.swift in Sources */ = {isa = PBXBuildFile; fileRef = E138E37B2AFBED6E009DF977 /* SceneDelegate.swift */; };
		E138E3812AFBED6E009DF977 /* Main.storyboard in Resources */ = {isa = PBXBuildFile; fileRef = E138E37F2AFBED6E009DF977 /* Main.storyboard */; };
		E138E3832AFBED70009DF977 /* Assets.xcassets in Resources */ = {isa = PBXBuildFile; fileRef = E138E3822AFBED70009DF977 /* Assets.xcassets */; };
		E138E3862AFBED70009DF977 /* LaunchScreen.storyboard in Resources */ = {isa = PBXBuildFile; fileRef = E138E3842AFBED70009DF977 /* LaunchScreen.storyboard */; };
		E138E38E2AFD2BCE009DF977 /* Post.swift in Sources */ = {isa = PBXBuildFile; fileRef = E138E38D2AFD2BCE009DF977 /* Post.swift */; };
		E138E3902AFD2C52009DF977 /* PostsTableViewController.swift in Sources */ = {isa = PBXBuildFile; fileRef = E138E38F2AFD2C52009DF977 /* PostsTableViewController.swift */; };
		E138E3922AFD359A009DF977 /* PostTableViewCell.swift in Sources */ = {isa = PBXBuildFile; fileRef = E138E3912AFD359A009DF977 /* PostTableViewCell.swift */; };
/* End PBXBuildFile section */

/* Begin PBXFileReference section */
		E135DFF52AFD9EA00049F84D /* PostDetailViewController.swift */ = {isa = PBXFileReference; lastKnownFileType = sourcecode.swift; path = PostDetailViewController.swift; sourceTree = "<group>"; };
		E138E3762AFBED6E009DF977 /* Social Media Pt2.app */ = {isa = PBXFileReference; explicitFileType = wrapper.application; includeInIndex = 0; path = "Social Media Pt2.app"; sourceTree = BUILT_PRODUCTS_DIR; };
		E138E3792AFBED6E009DF977 /* AppDelegate.swift */ = {isa = PBXFileReference; lastKnownFileType = sourcecode.swift; path = AppDelegate.swift; sourceTree = "<group>"; };
		E138E37B2AFBED6E009DF977 /* SceneDelegate.swift */ = {isa = PBXFileReference; lastKnownFileType = sourcecode.swift; path = SceneDelegate.swift; sourceTree = "<group>"; };
		E138E3802AFBED6E009DF977 /* Base */ = {isa = PBXFileReference; lastKnownFileType = file.storyboard; name = Base; path = Base.lproj/Main.storyboard; sourceTree = "<group>"; };
		E138E3822AFBED70009DF977 /* Assets.xcassets */ = {isa = PBXFileReference; lastKnownFileType = folder.assetcatalog; path = Assets.xcassets; sourceTree = "<group>"; };
		E138E3852AFBED70009DF977 /* Base */ = {isa = PBXFileReference; lastKnownFileType = file.storyboard; name = Base; path = Base.lproj/LaunchScreen.storyboard; sourceTree = "<group>"; };
		E138E3872AFBED70009DF977 /* Info.plist */ = {isa = PBXFileReference; lastKnownFileType = text.plist.xml; path = Info.plist; sourceTree = "<group>"; };
		E138E38D2AFD2BCE009DF977 /* Post.swift */ = {isa = PBXFileReference; lastKnownFileType = sourcecode.swift; path = Post.swift; sourceTree = "<group>"; };
		E138E38F2AFD2C52009DF977 /* PostsTableViewController.swift */ = {isa = PBXFileReference; lastKnownFileType = sourcecode.swift; path = PostsTableViewController.swift; sourceTree = "<group>"; };
		E138E3912AFD359A009DF977 /* PostTableViewCell.swift */ = {isa = PBXFileReference; lastKnownFileType = sourcecode.swift; path = PostTableViewCell.swift; sourceTree = "<group>"; };
/* End PBXFileReference section */

/* Begin PBXFrameworksBuildPhase section */
		E138E3732AFBED6E009DF977 /* Frameworks */ = {
			isa = PBXFrameworksBuildPhase;
			buildActionMask = 2147483647;
			files = (
			);
			runOnlyForDeploymentPostprocessing = 0;
		};
/* End PBXFrameworksBuildPhase section */

/* Begin PBXGroup section */
		E138E36D2AFBED6E009DF977 = {
			isa = PBXGroup;
			children = (
				E138E3782AFBED6E009DF977 /* Social Media Pt2 */,
				E138E3772AFBED6E009DF977 /* Products */,
			);
			sourceTree = "<group>";
		};
		E138E3772AFBED6E009DF977 /* Products */ = {
			isa = PBXGroup;
			children = (
				E138E3762AFBED6E009DF977 /* Social Media Pt2.app */,
			);
			name = Products;
			sourceTree = "<group>";
		};
		E138E3782AFBED6E009DF977 /* Social Media Pt2 */ = {
			isa = PBXGroup;
			children = (
				E138E3792AFBED6E009DF977 /* AppDelegate.swift */,
				E138E37B2AFBED6E009DF977 /* SceneDelegate.swift */,
				E138E37F2AFBED6E009DF977 /* Main.storyboard */,
				E138E3912AFD359A009DF977 /* PostTableViewCell.swift */,
				E135DFF52AFD9EA00049F84D /* PostDetailViewController.swift */,
				E138E38F2AFD2C52009DF977 /* PostsTableViewController.swift */,
				E138E38D2AFD2BCE009DF977 /* Post.swift */,
				E138E3822AFBED70009DF977 /* Assets.xcassets */,
				E138E3842AFBED70009DF977 /* LaunchScreen.storyboard */,
				E138E3872AFBED70009DF977 /* Info.plist */,
			);
			path = "Social Media Pt2";
			sourceTree = "<group>";
		};
/* End PBXGroup section */

/* Begin PBXNativeTarget section */
		E138E3752AFBED6E009DF977 /* Social Media Pt2 */ = {
			isa = PBXNativeTarget;
			buildConfigurationList = E138E38A2AFBED70009DF977 /* Build configuration list for PBXNativeTarget "Social Media Pt2" */;
			buildPhases = (
				E138E3722AFBED6E009DF977 /* Sources */,
				E138E3732AFBED6E009DF977 /* Frameworks */,
				E138E3742AFBED6E009DF977 /* Resources */,
			);
			buildRules = (
			);
			dependencies = (
			);
			name = "Social Media Pt2";
			productName = "Social Media Pt2";
			productReference = E138E3762AFBED6E009DF977 /* Social Media Pt2.app */;
			productType = "com.apple.product-type.application";
		};
/* End PBXNativeTarget section */

/* Begin PBXProject section */
		E138E36E2AFBED6E009DF977 /* Project object */ = {
			isa = PBXProject;
			attributes = {
				BuildIndependentTargetsInParallel = 1;
				LastSwiftUpdateCheck = 1500;
				LastUpgradeCheck = 1500;
				TargetAttributes = {
					E138E3752AFBED6E009DF977 = {
						CreatedOnToolsVersion = 15.0;
					};
				};
			};
			buildConfigurationList = E138E3712AFBED6E009DF977 /* Build configuration list for PBXProject "Social Media Pt2" */;
			compatibilityVersion = "Xcode 14.0";
			developmentRegion = en;
			hasScannedForEncodings = 0;
			knownRegions = (
				en,
				Base,
			);
			mainGroup = E138E36D2AFBED6E009DF977;
			productRefGroup = E138E3772AFBED6E009DF977 /* Products */;
			projectDirPath = "";
			projectRoot = "";
			targets = (
				E138E3752AFBED6E009DF977 /* Social Media Pt2 */,
			);
		};
/* End PBXProject section */

/* Begin PBXResourcesBuildPhase section */
		E138E3742AFBED6E009DF977 /* Resources */ = {
			isa = PBXResourcesBuildPhase;
			buildActionMask = 2147483647;
			files = (
				E138E3862AFBED70009DF977 /* LaunchScreen.storyboard in Resources */,
				E138E3832AFBED70009DF977 /* Assets.xcassets in Resources */,
				E138E3812AFBED6E009DF977 /* Main.storyboard in Resources */,
			);
			runOnlyForDeploymentPostprocessing = 0;
		};
/* End PBXResourcesBuildPhase section */

/* Begin PBXSourcesBuildPhase section */
		E138E3722AFBED6E009DF977 /* Sources */ = {
			isa = PBXSourcesBuildPhase;
			buildActionMask = 2147483647;
			files = (
				E138E37A2AFBED6E009DF977 /* AppDelegate.swift in Sources */,
				E135DFF62AFD9EA00049F84D /* PostDetailViewController.swift in Sources */,
				E138E37C2AFBED6E009DF977 /* SceneDelegate.swift in Sources */,
				E138E3922AFD359A009DF977 /* PostTableViewCell.swift in Sources */,
				E138E38E2AFD2BCE009DF977 /* Post.swift in Sources */,
				E138E3902AFD2C52009DF977 /* PostsTableViewController.swift in Sources */,
			);
			runOnlyForDeploymentPostprocessing = 0;
		};
/* End PBXSourcesBuildPhase section */

/* Begin PBXVariantGroup section */
		E138E37F2AFBED6E009DF977 /* Main.storyboard */ = {
			isa = PBXVariantGroup;
			children = (
				E138E3802AFBED6E009DF977 /* Base */,
			);
			name = Main.storyboard;
			sourceTree = "<group>";
		};
		E138E3842AFBED70009DF977 /* LaunchScreen.storyboard */ = {
			isa = PBXVariantGroup;
			children = (
				E138E3852AFBED70009DF977 /* Base */,
			);
			name = LaunchScreen.storyboard;
			sourceTree = "<group>";
		};
/* End PBXVariantGroup section */

/* Begin XCBuildConfiguration section */
		E138E3882AFBED70009DF977 /* Debug */ = {
			isa = XCBuildConfiguration;
			buildSettings = {
				ALWAYS_SEARCH_USER_PATHS = NO;
				ASSETCATALOG_COMPILER_GENERATE_SWIFT_ASSET_SYMBOL_EXTENSIONS = YES;
				CLANG_ANALYZER_NONNULL = YES;
				CLANG_ANALYZER_NUMBER_OBJECT_CONVERSION = YES_AGGRESSIVE;
				CLANG_CXX_LANGUAGE_STANDARD = "gnu++20";
				CLANG_ENABLE_MODULES = YES;
				CLANG_ENABLE_OBJC_ARC = YES;
				CLANG_ENABLE_OBJC_WEAK = YES;
				CLANG_WARN_BLOCK_CAPTURE_AUTORELEASING = YES;
				CLANG_WARN_BOOL_CONVERSION = YES;
				CLANG_WARN_COMMA = YES;
				CLANG_WARN_CONSTANT_CONVERSION = YES;
				CLANG_WARN_DEPRECATED_OBJC_IMPLEMENTATIONS = YES;
				CLANG_WARN_DIRECT_OBJC_ISA_USAGE = YES_ERROR;
				CLANG_WARN_DOCUMENTATION_COMMENTS = YES;
				CLANG_WARN_EMPTY_BODY = YES;
				CLANG_WARN_ENUM_CONVERSION = YES;
				CLANG_WARN_INFINITE_RECURSION = YES;
				CLANG_WARN_INT_CONVERSION = YES;
				CLANG_WARN_NON_LITERAL_NULL_CONVERSION = YES;
				CLANG_WARN_OBJC_IMPLICIT_RETAIN_SELF = YES;
				CLANG_WARN_OBJC_LITERAL_CONVERSION = YES;
				CLANG_WARN_OBJC_ROOT_CLASS = YES_ERROR;
				CLANG_WARN_QUOTED_INCLUDE_IN_FRAMEWORK_HEADER = YES;
				CLANG_WARN_RANGE_LOOP_ANALYSIS = YES;
				CLANG_WARN_STRICT_PROTOTYPES = YES;
				CLANG_WARN_SUSPICIOUS_MOVE = YES;
				CLANG_WARN_UNGUARDED_AVAILABILITY = YES_AGGRESSIVE;
				CLANG_WARN_UNREACHABLE_CODE = YES;
				CLANG_WARN__DUPLICATE_METHOD_MATCH = YES;
				COPY_PHASE_STRIP = NO;
				DEBUG_INFORMATION_FORMAT = dwarf;
				ENABLE_STRICT_OBJC_MSGSEND = YES;
				ENABLE_TESTABILITY = YES;
				ENABLE_USER_SCRIPT_SANDBOXING = YES;
				GCC_C_LANGUAGE_STANDARD = gnu17;
				GCC_DYNAMIC_NO_PIC = NO;
				GCC_NO_COMMON_BLOCKS = YES;
				GCC_OPTIMIZATION_LEVEL = 0;
				GCC_PREPROCESSOR_DEFINITIONS = (
					"DEBUG=1",
					"$(inherited)",
				);
				GCC_WARN_64_TO_32_BIT_CONVERSION = YES;
				GCC_WARN_ABOUT_RETURN_TYPE = YES_ERROR;
				GCC_WARN_UNDECLARED_SELECTOR = YES;
				GCC_WARN_UNINITIALIZED_AUTOS = YES_AGGRESSIVE;
				GCC_WARN_UNUSED_FUNCTION = YES;
				GCC_WARN_UNUSED_VARIABLE = YES;
				IPHONEOS_DEPLOYMENT_TARGET = 17.0;
				LOCALIZATION_PREFERS_STRING_CATALOGS = YES;
				MTL_ENABLE_DEBUG_INFO = INCLUDE_SOURCE;
				MTL_FAST_MATH = YES;
				ONLY_ACTIVE_ARCH = YES;
				SDKROOT = iphoneos;
				SWIFT_ACTIVE_COMPILATION_CONDITIONS = "DEBUG $(inherited)";
				SWIFT_OPTIMIZATION_LEVEL = "-Onone";
			};
			name = Debug;
		};
		E138E3892AFBED70009DF977 /* Release */ = {
			isa = XCBuildConfiguration;
			buildSettings = {
				ALWAYS_SEARCH_USER_PATHS = NO;
				ASSETCATALOG_COMPILER_GENERATE_SWIFT_ASSET_SYMBOL_EXTENSIONS = YES;
				CLANG_ANALYZER_NONNULL = YES;
				CLANG_ANALYZER_NUMBER_OBJECT_CONVERSION = YES_AGGRESSIVE;
				CLANG_CXX_LANGUAGE_STANDARD = "gnu++20";
				CLANG_ENABLE_MODULES = YES;
				CLANG_ENABLE_OBJC_ARC = YES;
				CLANG_ENABLE_OBJC_WEAK = YES;
				CLANG_WARN_BLOCK_CAPTURE_AUTORELEASING = YES;
				CLANG_WARN_BOOL_CONVERSION = YES;
				CLANG_WARN_COMMA = YES;
				CLANG_WARN_CONSTANT_CONVERSION = YES;
				CLANG_WARN_DEPRECATED_OBJC_IMPLEMENTATIONS = YES;
				CLANG_WARN_DIRECT_OBJC_ISA_USAGE = YES_ERROR;
				CLANG_WARN_DOCUMENTATION_COMMENTS = YES;
				CLANG_WARN_EMPTY_BODY = YES;
				CLANG_WARN_ENUM_CONVERSION = YES;
				CLANG_WARN_INFINITE_RECURSION = YES;
				CLANG_WARN_INT_CONVERSION = YES;
				CLANG_WARN_NON_LITERAL_NULL_CONVERSION = YES;
				CLANG_WARN_OBJC_IMPLICIT_RETAIN_SELF = YES;
				CLANG_WARN_OBJC_LITERAL_CONVERSION = YES;
				CLANG_WARN_OBJC_ROOT_CLASS = YES_ERROR;
				CLANG_WARN_QUOTED_INCLUDE_IN_FRAMEWORK_HEADER = YES;
				CLANG_WARN_RANGE_LOOP_ANALYSIS = YES;
				CLANG_WARN_STRICT_PROTOTYPES = YES;
				CLANG_WARN_SUSPICIOUS_MOVE = YES;
				CLANG_WARN_UNGUARDED_AVAILABILITY = YES_AGGRESSIVE;
				CLANG_WARN_UNREACHABLE_CODE = YES;
				CLANG_WARN__DUPLICATE_METHOD_MATCH = YES;
				COPY_PHASE_STRIP = NO;
				DEBUG_INFORMATION_FORMAT = "dwarf-with-dsym";
				ENABLE_NS_ASSERTIONS = NO;
				ENABLE_STRICT_OBJC_MSGSEND = YES;
				ENABLE_USER_SCRIPT_SANDBOXING = YES;
				GCC_C_LANGUAGE_STANDARD = gnu17;
				GCC_NO_COMMON_BLOCKS = YES;
				GCC_WARN_64_TO_32_BIT_CONVERSION = YES;
				GCC_WARN_ABOUT_RETURN_TYPE = YES_ERROR;
				GCC_WARN_UNDECLARED_SELECTOR = YES;
				GCC_WARN_UNINITIALIZED_AUTOS = YES_AGGRESSIVE;
				GCC_WARN_UNUSED_FUNCTION = YES;
				GCC_WARN_UNUSED_VARIABLE = YES;
				IPHONEOS_DEPLOYMENT_TARGET = 17.0;
				LOCALIZATION_PREFERS_STRING_CATALOGS = YES;
				MTL_ENABLE_DEBUG_INFO = NO;
				MTL_FAST_MATH = YES;
				SDKROOT = iphoneos;
				SWIFT_COMPILATION_MODE = wholemodule;
				VALIDATE_PRODUCT = YES;
			};
			name = Release;
		};
		E138E38B2AFBED70009DF977 /* Debug */ = {
			isa = XCBuildConfiguration;
			buildSettings = {
				ASSETCATALOG_COMPILER_APPICON_NAME = AppIcon;
				ASSETCATALOG_COMPILER_GLOBAL_ACCENT_COLOR_NAME = AccentColor;
				CODE_SIGN_STYLE = Automatic;
				CURRENT_PROJECT_VERSION = 1;
				DEVELOPMENT_TEAM = N8Q2CBY74P;
				GENERATE_INFOPLIST_FILE = YES;
				INFOPLIST_FILE = "Social Media Pt2/Info.plist";
				INFOPLIST_KEY_UIApplicationSupportsIndirectInputEvents = YES;
				INFOPLIST_KEY_UILaunchStoryboardName = LaunchScreen;
				INFOPLIST_KEY_UIMainStoryboardFile = Main;
				INFOPLIST_KEY_UISupportedInterfaceOrientations_iPad = "UIInterfaceOrientationPortrait UIInterfaceOrientationPortraitUpsideDown UIInterfaceOrientationLandscapeLeft UIInterfaceOrientationLandscapeRight";
				INFOPLIST_KEY_UISupportedInterfaceOrientations_iPhone = "UIInterfaceOrientationPortrait UIInterfaceOrientationLandscapeLeft UIInterfaceOrientationLandscapeRight";
				LD_RUNPATH_SEARCH_PATHS = (
					"$(inherited)",
					"@executable_path/Frameworks",
				);
				MARKETING_VERSION = 1.0;
				PRODUCT_BUNDLE_IDENTIFIER = "Lab.Social-Media-Pt2";
				PRODUCT_NAME = "$(TARGET_NAME)";
				SWIFT_EMIT_LOC_STRINGS = YES;
				SWIFT_VERSION = 5.0;
				TARGETED_DEVICE_FAMILY = "1,2";
			};
			name = Debug;
		};
		E138E38C2AFBED70009DF977 /* Release */ = {
			isa = XCBuildConfiguration;
			buildSettings = {
				ASSETCATALOG_COMPILER_APPICON_NAME = AppIcon;
				ASSETCATALOG_COMPILER_GLOBAL_ACCENT_COLOR_NAME = AccentColor;
				CODE_SIGN_STYLE = Automatic;
				CURRENT_PROJECT_VERSION = 1;
				DEVELOPMENT_TEAM = N8Q2CBY74P;
				GENERATE_INFOPLIST_FILE = YES;
				INFOPLIST_FILE = "Social Media Pt2/Info.plist";
				INFOPLIST_KEY_UIApplicationSupportsIndirectInputEvents = YES;
				INFOPLIST_KEY_UILaunchStoryboardName = LaunchScreen;
				INFOPLIST_KEY_UIMainStoryboardFile = Main;
				INFOPLIST_KEY_UISupportedInterfaceOrientations_iPad = "UIInterfaceOrientationPortrait UIInterfaceOrientationPortraitUpsideDown UIInterfaceOrientationLandscapeLeft UIInterfaceOrientationLandscapeRight";
				INFOPLIST_KEY_UISupportedInterfaceOrientations_iPhone = "UIInterfaceOrientationPortrait UIInterfaceOrientationLandscapeLeft UIInterfaceOrientationLandscapeRight";
				LD_RUNPATH_SEARCH_PATHS = (
					"$(inherited)",
					"@executable_path/Frameworks",
				);
				MARKETING_VERSION = 1.0;
				PRODUCT_BUNDLE_IDENTIFIER = "Lab.Social-Media-Pt2";
				PRODUCT_NAME = "$(TARGET_NAME)";
				SWIFT_EMIT_LOC_STRINGS = YES;
				SWIFT_VERSION = 5.0;
				TARGETED_DEVICE_FAMILY = "1,2";
			};
			name = Release;
		};
/* End XCBuildConfiguration section */

/* Begin XCConfigurationList section */
		E138E3712AFBED6E009DF977 /* Build configuration list for PBXProject "Social Media Pt2" */ = {
			isa = XCConfigurationList;
			buildConfigurations = (
				E138E3882AFBED70009DF977 /* Debug */,
				E138E3892AFBED70009DF977 /* Release */,
			);
			defaultConfigurationIsVisible = 0;
			defaultConfigurationName = Release;
		};
		E138E38A2AFBED70009DF977 /* Build configuration list for PBXNativeTarget "Social Media Pt2" */ = {
			isa = XCConfigurationList;
			buildConfigurations = (
				E138E38B2AFBED70009DF977 /* Debug */,
				E138E38C2AFBED70009DF977 /* Release */,
			);
			defaultConfigurationIsVisible = 0;
			defaultConfigurationName = Release;
		};
/* End XCConfigurationList section */
	};
	rootObject = E138E36E2AFBED6E009DF977 /* Project object */;
}
